
Microsoft Visual Studio Solution File, Format Version 12.00
# Visual Studio Version 17
VisualStudioVersion = 17.1.32210.238
MinimumVisualStudioVersion = 10.0.40219.1
Project("{FAE04EC0-301F-11D3-BF4B-00C04F79EFBC}") = "WindowsFormsApp3", "WindowsFormsApp3\WindowsFormsApp3.csproj", "{EF3FADBE-0C16-4155-9D80-8672D1A920B7}"
EndProject
Global
	GlobalSection(SolutionConfigurationPlatforms) = preSolution
		Debug|Any CPU = Debug|Any CPU
		Release|Any CPU = Release|Any CPU
	EndGlobalSection
	GlobalSection(ProjectConfigurationPlatforms) = postSolution
		{EF3FADBE-0C16-4155-9D80-8672D1A920B7}.Debug|Any CPU.ActiveCfg = Debug|Any CPU
		{EF3FADBE-0C16-4155-9D80-8672D1A920B7}.Debug|Any CPU.Build.0 = Debug|Any CPU
		{EF3FADBE-0C16-4155-9D80-8672D1A920B7}.Release|Any CPU.ActiveCfg = Release|Any CPU
		{EF3FADBE-0C16-4155-9D80-8672D1A920B7}.Release|Any CPU.Build.0 = Release|Any CPU
	EndGlobalSection
	GlobalSection(SolutionProperties) = preSolution
		HideSolutionNode = FALSE
	EndGlobalSection
	GlobalSection(ExtensibilityGlobals) = postSolution
		SolutionGuid = {D095BF70-6607-4A0C-A66A-55E39A962941}
	EndGlobalSection
EndGlobal
